<?xml version="1.0" encoding="UTF-8" standalone="yes" ?>
<CodeBlocks_project_file>
	<FileVersion major="1" minor="6" />
	<Project>
		<Option title="mcumgr" />
		<Option pch_mode="2" />
		<Option compiler="tdm" />
		<Option show_notes="0">
			<notes>
				<![CDATA[Per project/build target settings?
Create directory for mcudrv.
Limit breakpoints for hardware debugging.
If GDB fails, OpenOCD does not exit.]]>
			</notes>
		</Option>
		<Build>
			<Target title="default">
				<Option output="$(#cb.devdir)/mcumgr.dll" prefix_auto="0" extension_auto="0" />
				<Option object_output="$(#cb)/.objs29/plugins/contrib/mcumgr" />
				<Option type="3" />
				<Option compiler="tdm" />
				<Option parameters="--debug-log --no-check-associations -nd /p=mcu" />
				<Option host_application="$(#cb)/devel/codeblocks.exe" />
				<Option run_host_application_in_terminal="0" />
				<Option createStaticLib="1" />
				<Compiler>
					<Add option="-Wall" />
					<Add option="-g" />
					<Add option="-pipe" />
					<Add option="-mthreads" />
					<Add option="-fmessage-length=0" />
					<Add option="-fexceptions" />
					<Add option="-Winvalid-pch" />
					<Add option="-DBUILDING_PLUGIN" />
					<Add option="-DHAVE_W32API_H" />
					<Add option="-D__WXMSW__" />
					<Add option="-DWXUSINGDLL" />
					<Add option="-DcbDEBUG" />
					<Add option="-DCB_PRECOMP" />
					<Add option="-DWX_PRECOMP" />
					<Add option="-DwxUSE_UNICODE" />
					<Add directory="$(#wx.lib)/gcc_dll$(WX_CFG)/msw$(WX_SUFFIX)" />
					<Add directory="$(#wx.include)" />
					<Add directory="$(#cb.include)" />
					<Add directory="$(#cb)/sdk/wxscintilla/include" />
					<Add directory="../mcumgr" />
				</Compiler>
				<Linker>
					<Add option="-Wl,--enable-auto-image-base" />
					<Add option="-Wl,--export-all-symbols" />
					<Add option="-Wl,--add-stdcall-alias" />
					<Add library="wxmsw29u" />
					<Add library="codeblocks" />
					<Add directory="$(#wx.lib)/gcc_dll$(WX_CFG)" />
					<Add directory="$(#wx.lib)/gcc_dll$(WX_CFG)/msw$(WX_SUFFIX)" />
					<Add directory="$(#cb.devdir)" />
				</Linker>
			</Target>
			<Environment>
				<Variable name="WX_CFG" value="" />
				<Variable name="WX_SUFFIX" value="u" />
			</Environment>
		</Build>
		<Unit filename="configsettingsdialog.cpp" />
		<Unit filename="configsettingsdialog.h" />
		<Unit filename="configsettingspanel.cpp" />
		<Unit filename="configsettingspanel.h" />
		<Unit filename="configtargetdriver.cpp" />
		<Unit filename="configtargetdriver.h" />
		<Unit filename="devparportadvopts.cpp" />
		<Unit filename="devparportadvopts.h" />
		<Unit filename="mcuconfigmanager.cpp" />
		<Unit filename="mcuconfigmanager.h" />
		<Unit filename="mcudebugdrivermanager.cpp" />
		<Unit filename="mcudebugdrivermanager.h" />
		<Unit filename="mcuplugin.cpp" />
		<Unit filename="mcuplugin.h" />
		<Unit filename="mcupluginmanager.cpp" />
		<Unit filename="mcupluginmanager.h" />
		<Unit filename="openocd.cpp" />
		<Unit filename="openocd.h" />
		<Unit filename="openocdconfig.cpp" />
		<Unit filename="openocdconfig.h" />
		<Unit filename="openocddevftdi.cpp" />
		<Unit filename="openocddevftdi.h" />
		<Unit filename="openocddevparport.cpp" />
		<Unit filename="openocddevparport.h" />
		<Unit filename="openocddevs.cpp" />
		<Unit filename="openocddevs.h" />
		<Unit filename="openocdintdev.cpp" />
		<Unit filename="openocdintdev.h" />
		<Unit filename="openocdset.cpp" />
		<Unit filename="openocdset.h" />
		<Unit filename="remtargdrv.cpp" />
		<Unit filename="remtargdrv.h" />
		<Unit filename="telnetclient.cpp" />
		<Unit filename="telnetclient.h" />
		<Unit filename="wxsmith/ConfigSettingsDialog.wxs" />
		<Unit filename="wxsmith/ConfigSettingsPanel.wxs" />
		<Unit filename="wxsmith/DevParportAdvOpts.wxs" />
		<Unit filename="wxsmith/OpenOCDConfig.wxs" />
		<Unit filename="wxsmith/OpenOCDSet.wxs" />
		<Extensions>
			<code_completion />
			<envvars />
			<debugger />
			<lib_finder disable_auto="1" />
			<wxsmith version="1">
				<gui name="wxWidgets" src="" main="" init_handlers="necessary" language="CPP" />
				<resources>
					<wxDialog wxs="wxsmith/openocddlg.wxs" src="openocddlg.cpp" hdr="openocddlg.h" xrc="openocddlg.xrc" fwddecl="0" i18n="1" name="openocddlg" language="CPP" />
					<wxPanel wxs="wxsmith/ConfigSettingsPanel.wxs" src="configsettingspanel.cpp" hdr="configsettingspanel.h" fwddecl="0" i18n="1" name="ConfigSettingsPanel" language="CPP" />
					<wxDialog wxs="wxsmith/ConfigSettingsDialog.wxs" src="configsettingsdialog.cpp" hdr="configsettingsdialog.h" fwddecl="0" i18n="1" name="ConfigSettingsDialog" language="CPP" />
					<wxPanel wxs="wxsmith/OpenOCDConfig.wxs" src="openocdconfig.cpp" hdr="openocdconfig.h" fwddecl="0" i18n="1" name="OpenOCDConfig" language="CPP" />
					<wxPanel wxs="wxsmith/OpenOCDSet.wxs" src="openocdset.cpp" hdr="openocdset.h" fwddecl="0" i18n="1" name="OpenOCDSet" language="CPP" />
					<wxDialog wxs="wxsmith/DevParportAdvOpts.wxs" src="devparportadvopts.cpp" hdr="devparportadvopts.h" fwddecl="0" i18n="1" name="DevParportAdvOpts" language="CPP" />
				</resources>
			</wxsmith>
			<DoxyBlocks>
				<comment_style block="0" line="0" />
				<doxyfile_project />
				<doxyfile_build />
				<doxyfile_warnings />
				<doxyfile_output />
				<doxyfile_dot />
				<general />
			</DoxyBlocks>
		</Extensions>
	</Project>
</CodeBlocks_project_file>
